
Microsoft Visual Studio Solution File, Format Version 12.00
# Visual Studio Version 17
VisualStudioVersion = 17.14.36301.6 d17.14
MinimumVisualStudioVersion = 10.0.40219.1
Project("{FAE04EC0-301F-11D3-BF4B-00C04F79EFBC}") = "mobact1", "mobact1\mobact1.csproj", "{9DE7A32C-8E0B-4EAD-912A-8F1099B5600E}"
EndProject
Global
	GlobalSection(SolutionConfigurationPlatforms) = preSolution
		Debug|Any CPU = Debug|Any CPU
		Release|Any CPU = Release|Any CPU
	EndGlobalSection
	GlobalSection(ProjectConfigurationPlatforms) = postSolution
		{9DE7A32C-8E0B-4EAD-912A-8F1099B5600E}.Debug|Any CPU.ActiveCfg = Debug|Any CPU
		{9DE7A32C-8E0B-4EAD-912A-8F1099B5600E}.Debug|Any CPU.Build.0 = Debug|Any CPU
		{9DE7A32C-8E0B-4EAD-912A-8F1099B5600E}.Release|Any CPU.ActiveCfg = Release|Any CPU
		{9DE7A32C-8E0B-4EAD-912A-8F1099B5600E}.Release|Any CPU.Build.0 = Release|Any CPU
	EndGlobalSection
	GlobalSection(SolutionProperties) = preSolution
		HideSolutionNode = FALSE
	EndGlobalSection
	GlobalSection(ExtensibilityGlobals) = postSolution
		SolutionGuid = {02D98CDB-11D7-448E-A627-4C3E4943F027}
	EndGlobalSection
EndGlobal
